// !$*UTF8*$!
{
	archiveVersion = 1;
	classes = {
	};
	objectVersion = 46;
	objects = {

/* Begin PBXBuildFile section */
		9EABE54C1D15AED4007A2B33 /* AppDelegate.swift in Sources */ = {isa = PBXBuildFile; fileRef = 9EABE54B1D15AED4007A2B33 /* AppDelegate.swift */; };
		9EABE54E1D15AED4007A2B33 /* ViewController.swift in Sources */ = {isa = PBXBuildFile; fileRef = 9EABE54D1D15AED4007A2B33 /* ViewController.swift */; };
		9EABE5511D15AED4007A2B33 /* Main.storyboard in Resources */ = {isa = PBXBuildFile; fileRef = 9EABE54F1D15AED4007A2B33 /* Main.storyboard */; };
		9EABE5531D15AED4007A2B33 /* Assets.xcassets in Resources */ = {isa = PBXBuildFile; fileRef = 9EABE5521D15AED4007A2B33 /* Assets.xcassets */; };
		9EABE5561D15AED4007A2B33 /* LaunchScreen.storyboard in Resources */ = {isa = PBXBuildFile; fileRef = 9EABE5541D15AED4007A2B33 /* LaunchScreen.storyboard */; };
/* End PBXBuildFile section */

/* Begin PBXFileReference section */
		9EABE5481D15AED4007A2B33 /* Mp.app */ = {isa = PBXFileReference; explicitFileType = wrapper.application; includeInIndex = 0; path = Mp.app; sourceTree = BUILT_PRODUCTS_DIR; };
		9EABE54B1D15AED4007A2B33 /* AppDelegate.swift */ = {isa = PBXFileReference; lastKnownFileType = sourcecode.swift; path = AppDelegate.swift; sourceTree = "<group>"; };
		9EABE54D1D15AED4007A2B33 /* ViewController.swift */ = {isa = PBXFileReference; lastKnownFileType = sourcecode.swift; path = ViewController.swift; sourceTree = "<group>"; };
		9EABE5501D15AED4007A2B33 /* Base */ = {isa = PBXFileReference; lastKnownFileType = file.storyboard; name = Base; path = Base.lproj/Main.storyboard; sourceTree = "<group>"; };
		9EABE5521D15AED4007A2B33 /* Assets.xcassets */ = {isa = PBXFileReference; lastKnownFileType = folder.assetcatalog; path = Assets.xcassets; sourceTree = "<group>"; };
		9EABE5551D15AED4007A2B33 /* Base */ = {isa = PBXFileReference; lastKnownFileType = file.storyboard; name = Base; path = Base.lproj/LaunchScreen.storyboard; sourceTree = "<group>"; };
		9EABE5571D15AED4007A2B33 /* Info.plist */ = {isa = PBXFileReference; lastKnownFileType = text.plist.xml; path = Info.plist; sourceTree = "<group>"; };
/* End PBXFileReference section */

/* Begin PBXFrameworksBuildPhase section */
		9EABE5451D15AED4007A2B33 /* Frameworks */ = {
			isa = PBXFrameworksBuildPhase;
			buildActionMask = 2147483647;
			files = (
			);
			runOnlyForDeploymentPostprocessing = 0;
		};
/* End PBXFrameworksBuildPhase section */

/* Begin PBXGroup section */
		9EABE53F1D15AED4007A2B33 = {
			isa = PBXGroup;
			children = (
				9EABE54A1D15AED4007A2B33 /* Mp */,
				9EABE5491D15AED4007A2B33 /* Products */,
			);
			sourceTree = "<group>";
		};
		9EABE5491D15AED4007A2B33 /* Products */ = {
			isa = PBXGroup;
			children = (
				9EABE5481D15AED4007A2B33 /* Mp.app */,
			);
			name = Products;
			sourceTree = "<group>";
		};
		9EABE54A1D15AED4007A2B33 /* Mp */ = {
			isa = PBXGroup;
			children = (
				9EABE54B1D15AED4007A2B33 /* AppDelegate.swift */,
				9EABE54D1D15AED4007A2B33 /* ViewController.swift */,
				9EABE54F1D15AED4007A2B33 /* Main.storyboard */,
				9EABE5521D15AED4007A2B33 /* Assets.xcassets */,
				9EABE5541D15AED4007A2B33 /* LaunchScreen.storyboard */,
				9EABE5571D15AED4007A2B33 /* Info.plist */,
			);
			path = Mp;
			sourceTree = "<group>";
		};
/* End PBXGroup section */

/* Begin PBXNativeTarget section */
		9EABE5471D15AED4007A2B33 /* Mp */ = {
			isa = PBXNativeTarget;
			buildConfigurationList = 9EABE55A1D15AED4007A2B33 /* Build configuration list for PBXNativeTarget "Mp" */;
			buildPhases = (
				9EABE5441D15AED4007A2B33 /* Sources */,
				9EABE5451D15AED4007A2B33 /* Frameworks */,
				9EABE5461D15AED4007A2B33 /* Resources */,
			);
			buildRules = (
			);
			dependencies = (
			);
			name = Mp;
			productName = Mp;
			productReference = 9EABE5481D15AED4007A2B33 /* Mp.app */;
			productType = "com.apple.product-type.application";
		};
/* End PBXNativeTarget section */

/* Begin PBXProject section */
		9EABE5401D15AED4007A2B33 /* Project object */ = {
			isa = PBXProject;
			attributes = {
				LastSwiftUpdateCheck = 0730;
				LastUpgradeCheck = 0730;
				ORGANIZATIONNAME = skrt;
				TargetAttributes = {
					9EABE5471D15AED4007A2B33 = {
						CreatedOnToolsVersion = 7.3.1;
					};
				};
			};
			buildConfigurationList = 9EABE5431D15AED4007A2B33 /* Build configuration list for PBXProject "Mp" */;
			compatibilityVersion = "Xcode 3.2";
			developmentRegion = English;
			hasScannedForEncodings = 0;
			knownRegions = (
				en,
				Base,
			);
			mainGroup = 9EABE53F1D15AED4007A2B33;
			productRefGroup = 9EABE5491D15AED4007A2B33 /* Products */;
			projectDirPath = "";
			projectRoot = "";
			targets = (
				9EABE5471D15AED4007A2B33 /* Mp */,
			);
		};
/* End PBXProject section */

/* Begin PBXResourcesBuildPhase section */
		9EABE5461D15AED4007A2B33 /* Resources */ = {
			isa = PBXResourcesBuildPhase;
			buildActionMask = 2147483647;
			files = (
				9EABE5561D15AED4007A2B33 /* LaunchScreen.storyboard in Resources */,
				9EABE5531D15AED4007A2B33 /* Assets.xcassets in Resources */,
				9EABE5511D15AED4007A2B33 /* Main.storyboard in Resources */,
			);
			runOnlyForDeploymentPostprocessing = 0;
		};
/* End PBXResourcesBuildPhase section */

/* Begin PBXSourcesBuildPhase section */
		9EABE5441D15AED4007A2B33 /* Sources */ = {
			isa = PBXSourcesBuildPhase;
			buildActionMask = 2147483647;
			files = (
				9EABE54E1D15AED4007A2B33 /* ViewController.swift in Sources */,
				9EABE54C1D15AED4007A2B33 /* AppDelegate.swift in Sources */,
			);
			runOnlyForDeploymentPostprocessing = 0;
		};
/* End PBXSourcesBuildPhase section */

/* Begin PBXVariantGroup section */
		9EABE54F1D15AED4007A2B33 /* Main.storyboard */ = {
			isa = PBXVariantGroup;
			children = (
				9EABE5501D15AED4007A2B33 /* Base */,
			);
			name = Main.storyboard;
			sourceTree = "<group>";
		};
		9EABE5541D15AED4007A2B33 /* LaunchScreen.storyboard */ = {
			isa = PBXVariantGroup;
			children = (
				9EABE5551D15AED4007A2B33 /* Base */,
			);
			name = LaunchScreen.storyboard;
			sourceTree = "<group>";
		};
/* End PBXVariantGroup section */

/* Begin XCBuildConfiguration section */
		9EABE5581D15AED4007A2B33 /* Debug */ = {
			isa = XCBuildConfiguration;
			buildSettings = {
				ALWAYS_SEARCH_USER_PATHS = NO;
				CLANG_ANALYZER_NONNULL = YES;
				CLANG_CXX_LANGUAGE_STANDARD = "gnu++0x";
				CLANG_CXX_LIBRARY = "libc++";
				CLANG_ENABLE_MODULES = YES;
				CLANG_ENABLE_OBJC_ARC = YES;
				CLANG_WARN_BOOL_CONVERSION = YES;
				CLANG_WARN_CONSTANT_CONVERSION = YES;
				CLANG_WARN_DIRECT_OBJC_ISA_USAGE = YES_ERROR;
				CLANG_WARN_EMPTY_BODY = YES;
				CLANG_WARN_ENUM_CONVERSION = YES;
				CLANG_WARN_INT_CONVERSION = YES;
				CLANG_WARN_OBJC_ROOT_CLASS = YES_ERROR;
				CLANG_WARN_UNREACHABLE_CODE = YES;
				CLANG_WARN__DUPLICATE_METHOD_MATCH = YES;
				"CODE_SIGN_IDENTITY[sdk=iphoneos*]" = "iPhone Developer";
				COPY_PHASE_STRIP = NO;
				DEBUG_INFORMATION_FORMAT = dwarf;
				ENABLE_STRICT_OBJC_MSGSEND = YES;
				ENABLE_TESTABILITY = YES;
				GCC_C_LANGUAGE_STANDARD = gnu99;
				GCC_DYNAMIC_NO_PIC = NO;
				GCC_NO_COMMON_BLOCKS = YES;
				GCC_OPTIMIZATION_LEVEL = 0;
				GCC_PREPROCESSOR_DEFINITIONS = (
					"DEBUG=1",
					"$(inherited)",
				);
				GCC_WARN_64_TO_32_BIT_CONVERSION = YES;
				GCC_WARN_ABOUT_RETURN_TYPE = YES_ERROR;
				GCC_WARN_UNDECLARED_SELECTOR = YES;
				GCC_WARN_UNINITIALIZED_AUTOS = YES_AGGRESSIVE;
				GCC_WARN_UNUSED_FUNCTION = YES;
				GCC_WARN_UNUSED_VARIABLE = YES;
				IPHONEOS_DEPLOYMENT_TARGET = 9.3;
				MTL_ENABLE_DEBUG_INFO = YES;
				ONLY_ACTIVE_ARCH = YES;
				SDKROOT = iphoneos;
				SWIFT_OPTIMIZATION_LEVEL = "-Onone";
				TARGETED_DEVICE_FAMILY = "1,2";
			};
			name = Debug;
		};
		9EABE5591D15AED4007A2B33 /* Release */ = {
			isa = XCBuildConfiguration;
			buildSettings = {
				ALWAYS_SEARCH_USER_PATHS = NO;
				CLANG_ANALYZER_NONNULL = YES;
				CLANG_CXX_LANGUAGE_STANDARD = "gnu++0x";
				CLANG_CXX_LIBRARY = "libc++";
				CLANG_ENABLE_MODULES = YES;
				CLANG_ENABLE_OBJC_ARC = YES;
				CLANG_WARN_BOOL_CONVERSION = YES;
				CLANG_WARN_CONSTANT_CONVERSION = YES;
				CLANG_WARN_DIRECT_OBJC_ISA_USAGE = YES_ERROR;
				CLANG_WARN_EMPTY_BODY = YES;
				CLANG_WARN_ENUM_CONVERSION = YES;
				CLANG_WARN_INT_CONVERSION = YES;
				CLANG_WARN_OBJC_ROOT_CLASS = YES_ERROR;
				CLANG_WARN_UNREACHABLE_CODE = YES;
				CLANG_WARN__DUPLICATE_METHOD_MATCH = YES;
				"CODE_SIGN_IDENTITY[sdk=iphoneos*]" = "iPhone Developer";
				COPY_PHASE_STRIP = NO;
				DEBUG_INFORMATION_FORMAT = "dwarf-with-dsym";
				ENABLE_NS_ASSERTIONS = NO;
				ENABLE_STRICT_OBJC_MSGSEND = YES;
				GCC_C_LANGUAGE_STANDARD = gnu99;
				GCC_NO_COMMON_BLOCKS = YES;
				GCC_WARN_64_TO_32_BIT_CONVERSION = YES;
				GCC_WARN_ABOUT_RETURN_TYPE = YES_ERROR;
				GCC_WARN_UNDECLARED_SELECTOR = YES;
				GCC_WARN_UNINITIALIZED_AUTOS = YES_AGGRESSIVE;
				GCC_WARN_UNUSED_FUNCTION = YES;
				GCC_WARN_UNUSED_VARIABLE = YES;
				IPHONEOS_DEPLOYMENT_TARGET = 9.3;
				MTL_ENABLE_DEBUG_INFO = NO;
				SDKROOT = iphoneos;
				TARGETED_DEVICE_FAMILY = "1,2";
				VALIDATE_PRODUCT = YES;
			};
			name = Release;
		};
		9EABE55B1D15AED4007A2B33 /* Debug */ = {
			isa = XCBuildConfiguration;
			buildSettings = {
				ASSETCATALOG_COMPILER_APPICON_NAME = AppIcon;
				INFOPLIST_FILE = Mp/Info.plist;
				LD_RUNPATH_SEARCH_PATHS = "$(inherited) @executable_path/Frameworks";
				PRODUCT_BUNDLE_IDENTIFIER = com.skrt.Mp;
				PRODUCT_NAME = "$(TARGET_NAME)";
			};
			name = Debug;
		};
		9EABE55C1D15AED4007A2B33 /* Release */ = {
			isa = XCBuildConfiguration;
			buildSettings = {
				ASSETCATALOG_COMPILER_APPICON_NAME = AppIcon;
				INFOPLIST_FILE = Mp/Info.plist;
				LD_RUNPATH_SEARCH_PATHS = "$(inherited) @executable_path/Frameworks";
				PRODUCT_BUNDLE_IDENTIFIER = com.skrt.Mp;
				PRODUCT_NAME = "$(TARGET_NAME)";
			};
			name = Release;
		};
/* End XCBuildConfiguration section */

/* Begin XCConfigurationList section */
		9EABE5431D15AED4007A2B33 /* Build configuration list for PBXProject "Mp" */ = {
			isa = XCConfigurationList;
			buildConfigurations = (
				9EABE5581D15AED4007A2B33 /* Debug */,
				9EABE5591D15AED4007A2B33 /* Release */,
			);
			defaultConfigurationIsVisible = 0;
			defaultConfigurationName = Release;
		};
		9EABE55A1D15AED4007A2B33 /* Build configuration list for PBXNativeTarget "Mp" */ = {
			isa = XCConfigurationList;
			buildConfigurations = (
				9EABE55B1D15AED4007A2B33 /* Debug */,
				9EABE55C1D15AED4007A2B33 /* Release */,
			);
			defaultConfigurationIsVisible = 0;
		};
/* End XCConfigurationList section */
	};
	rootObject = 9EABE5401D15AED4007A2B33 /* Project object */;
}
